{
  "name": "tableau-ia",
  "lockfileVersion": 3,
  "requires": true,
  "packages": {
    "": {
      "dependencies": {
        "@webcontainer/api": "^1.6.4"
      }
    },
    "node_modules/@webcontainer/api": {
      "version": "1.6.4",
      "resolved": "https://registry.npmjs.org/@webcontainer/api/-/api-1.6.4.tgz",
      "integrity": "sha512-r9sHCXg1FcC1AMgppGwAc0vYWaQhqvg282cnsuPbJEzYnWifAdCVvg+8ngJUEHyHcomhJJp+/zuytite4ITHLw==",
      "license": "MIT"
    }
  }
}
